
Microsoft Visual Studio Solution File, Format Version 12.00
# Visual Studio 2012
Project("{8BC9CEB8-8B4A-11D0-8D11-00A0C91BC942}") = "POC_XSTATE_0", "POC_XSTATE_0\POC_XSTATE_0.vcxproj", "{34859E52-B2BF-47ED-8B02-F9C03A330A03}"
EndProject
Global
	GlobalSection(SolutionConfigurationPlatforms) = preSolution
		Debug|Win32 = Debug|Win32
		Debug|x64 = Debug|x64
		Release|Win32 = Release|Win32
		Release|x64 = Release|x64
	EndGlobalSection
	GlobalSection(ProjectConfigurationPlatforms) = postSolution
		{34859E52-B2BF-47ED-8B02-F9C03A330A03}.Debug|Win32.ActiveCfg = Debug|Win32
		{34859E52-B2BF-47ED-8B02-F9C03A330A03}.Debug|Win32.Build.0 = Debug|Win32
		{34859E52-B2BF-47ED-8B02-F9C03A330A03}.Debug|x64.ActiveCfg = Debug|x64
		{34859E52-B2BF-47ED-8B02-F9C03A330A03}.Debug|x64.Build.0 = Debug|x64
		{34859E52-B2BF-47ED-8B02-F9C03A330A03}.Release|Win32.ActiveCfg = Release|Win32
		{34859E52-B2BF-47ED-8B02-F9C03A330A03}.Release|Win32.Build.0 = Release|Win32
		{34859E52-B2BF-47ED-8B02-F9C03A330A03}.Release|x64.ActiveCfg = Release|x64
		{34859E52-B2BF-47ED-8B02-F9C03A330A03}.Release|x64.Build.0 = Release|x64
	EndGlobalSection
	GlobalSection(SolutionProperties) = preSolution
		HideSolutionNode = FALSE
	EndGlobalSection
EndGlobal
